{
  "name": "musicstore",
  "version": "1.0.0",
  "lockfileVersion": 2,
  "requires": true,
  "packages": {
    "": {
      "name": "musicstore",
      "version": "1.0.0",
      "license": "ISC",
      "dependencies": {
        "photoswipe": "^5.2.8"
      },
      "devDependencies": {
        "@types/photoswipe": "^4.1.2"
      }
    },
    "node_modules/@types/photoswipe": {
      "version": "4.1.2",
      "resolved": "https://registry.npmjs.org/@types/photoswipe/-/photoswipe-4.1.2.tgz",
      "integrity": "sha512-HA9TtCAQKToldgxRiyJ1DbsElg/cQV/SQ8COVjqIqghjy60Zxfh78E1WiFotthquqkS86nz13Za9wEbToe0svQ==",
      "dev": true
    },
    "node_modules/photoswipe": {
      "version": "5.2.8",
      "resolved": "https://registry.npmjs.org/photoswipe/-/photoswipe-5.2.8.tgz",
      "integrity": "sha512-tsbG+1ILcli4mR3Tzp4xdxCUSSJaz14wct4dSznk3suVst9tBdt6vDlSASOw/VFqSkcDjbRUA1tC1LoF2DCkzg==",
      "engines": {
        "node": ">= 0.12.0"
      }
    }
  },
  "dependencies": {
    "@types/photoswipe": {
      "version": "4.1.2",
      "resolved": "https://registry.npmjs.org/@types/photoswipe/-/photoswipe-4.1.2.tgz",
      "integrity": "sha512-HA9TtCAQKToldgxRiyJ1DbsElg/cQV/SQ8COVjqIqghjy60Zxfh78E1WiFotthquqkS86nz13Za9wEbToe0svQ==",
      "dev": true
    },
    "photoswipe": {
      "version": "5.2.8",
      "resolved": "https://registry.npmjs.org/photoswipe/-/photoswipe-5.2.8.tgz",
      "integrity": "sha512-tsbG+1ILcli4mR3Tzp4xdxCUSSJaz14wct4dSznk3suVst9tBdt6vDlSASOw/VFqSkcDjbRUA1tC1LoF2DCkzg=="
    }
  }
}
